{
  "requires": true,
  "lockfileVersion": 1,
  "dependencies": {
    "array-sort": {
      "version": "1.0.0",
      "resolved": "https://registry.npmjs.org/array-sort/-/array-sort-1.0.0.tgz",
      "integrity": "sha512-ihLeJkonmdiAsD7vpgN3CRcx2J2S0TiYW+IS/5zHBI7mKUq3ySvBdzzBfD236ubDBQFiiyG3SWCPc+msQ9KoYg==",
      "requires": {
        "default-compare": "^1.0.0",
        "get-value": "^2.0.6",
        "kind-of": "^5.0.2"
      }
    },
    "default-compare": {
      "version": "1.0.0",
      "resolved": "https://registry.npmjs.org/default-compare/-/default-compare-1.0.0.tgz",
      "integrity": "sha512-QWfXlM0EkAbqOCbD/6HjdwT19j7WCkMyiRhWilc4H9/5h/RzTF9gv5LYh1+CmDV5d1rki6KAWLtQale0xt20eQ==",
      "requires": {
        "kind-of": "^5.0.2"
      }
    },
    "get-value": {
      "version": "2.0.6",
      "resolved": "https://registry.npmjs.org/get-value/-/get-value-2.0.6.tgz",
      "integrity": "sha1-3BXKHGcjh8p2vTesCjlbogQqLCg="
    },
    "kind-of": {
      "version": "5.1.0",
      "resolved": "https://registry.npmjs.org/kind-of/-/kind-of-5.1.0.tgz",
      "integrity": "sha512-NGEErnH6F2vUuXDh+OlbcKW7/wOcfdRHaZ7VWtqCztfHri/++YKmP51OdWeGPuqCOba6kk2OTe5d02VmTB80Pw=="
    }
  }
}
